
Microsoft Visual Studio Solution File, Format Version 12.00
# Visual Studio Version 17
VisualStudioVersion = 17.12.35527.113 d17.12
MinimumVisualStudioVersion = 10.0.40219.1
Project("{FAE04EC0-301F-11D3-BF4B-00C04F79EFBC}") = "microservice.product.API", "microservice.product\microservice.product.API.csproj", "{AA8F4A5D-5673-4AFB-950A-3FF5C93E9878}"
EndProject
Project("{FAE04EC0-301F-11D3-BF4B-00C04F79EFBC}") = "microservice.product.domain", "microservice.product.domain\microservice.product.domain.csproj", "{5D60AFC3-00EC-4636-BDFA-F8AAD5563870}"
EndProject
Project("{FAE04EC0-301F-11D3-BF4B-00C04F79EFBC}") = "microservice.product.Infrastructure", "microservice.product.Infrastructure\microservice.product.Infrastructure.csproj", "{D7E915D8-3AB1-4193-827B-0E4BD8E89ADA}"
EndProject
Project("{FAE04EC0-301F-11D3-BF4B-00C04F79EFBC}") = "microservice.product.Application", "microservice.product.Application\microservice.product.Application.csproj", "{76F23CF5-E37B-4953-9C3C-57941CBC7AF5}"
EndProject
Global
	GlobalSection(SolutionConfigurationPlatforms) = preSolution
		Debug|Any CPU = Debug|Any CPU
		Release|Any CPU = Release|Any CPU
	EndGlobalSection
	GlobalSection(ProjectConfigurationPlatforms) = postSolution
		{AA8F4A5D-5673-4AFB-950A-3FF5C93E9878}.Debug|Any CPU.ActiveCfg = Debug|Any CPU
		{AA8F4A5D-5673-4AFB-950A-3FF5C93E9878}.Debug|Any CPU.Build.0 = Debug|Any CPU
		{AA8F4A5D-5673-4AFB-950A-3FF5C93E9878}.Release|Any CPU.ActiveCfg = Release|Any CPU
		{AA8F4A5D-5673-4AFB-950A-3FF5C93E9878}.Release|Any CPU.Build.0 = Release|Any CPU
		{5D60AFC3-00EC-4636-BDFA-F8AAD5563870}.Debug|Any CPU.ActiveCfg = Debug|Any CPU
		{5D60AFC3-00EC-4636-BDFA-F8AAD5563870}.Debug|Any CPU.Build.0 = Debug|Any CPU
		{5D60AFC3-00EC-4636-BDFA-F8AAD5563870}.Release|Any CPU.ActiveCfg = Release|Any CPU
		{5D60AFC3-00EC-4636-BDFA-F8AAD5563870}.Release|Any CPU.Build.0 = Release|Any CPU
		{D7E915D8-3AB1-4193-827B-0E4BD8E89ADA}.Debug|Any CPU.ActiveCfg = Debug|Any CPU
		{D7E915D8-3AB1-4193-827B-0E4BD8E89ADA}.Debug|Any CPU.Build.0 = Debug|Any CPU
		{D7E915D8-3AB1-4193-827B-0E4BD8E89ADA}.Release|Any CPU.ActiveCfg = Release|Any CPU
		{D7E915D8-3AB1-4193-827B-0E4BD8E89ADA}.Release|Any CPU.Build.0 = Release|Any CPU
		{76F23CF5-E37B-4953-9C3C-57941CBC7AF5}.Debug|Any CPU.ActiveCfg = Debug|Any CPU
		{76F23CF5-E37B-4953-9C3C-57941CBC7AF5}.Debug|Any CPU.Build.0 = Debug|Any CPU
		{76F23CF5-E37B-4953-9C3C-57941CBC7AF5}.Release|Any CPU.ActiveCfg = Release|Any CPU
		{76F23CF5-E37B-4953-9C3C-57941CBC7AF5}.Release|Any CPU.Build.0 = Release|Any CPU
	EndGlobalSection
	GlobalSection(SolutionProperties) = preSolution
		HideSolutionNode = FALSE
	EndGlobalSection
EndGlobal
